
Microsoft Visual Studio Solution File, Format Version 12.00
# Visual Studio Version 16
VisualStudioVersion = 16.0.31229.75
MinimumVisualStudioVersion = 10.0.40219.1
Project("{FAE04EC0-301F-11D3-BF4B-00C04F79EFBC}") = "md_dbdocs.app", "md_dbdocs.app\md_dbdocs.app.csproj", "{972A1F6B-0AE5-425B-BDBA-A21CF64F3E0B}"
EndProject
Project("{00D1A9C2-B5F0-4AF3-8072-F6C62B433612}") = "md_dbdocs.db", "md_dbdocs.db\md_dbdocs.db.sqlproj", "{7481C25A-72D1-4AD1-8AC3-EBF01A85ACBC}"
EndProject
Project("{2150E333-8FDC-42A3-9474-1A3956D46DE8}") = "Solution Items", "Solution Items", "{5EFF00C6-82FB-4634-92A1-7F2B62F49E69}"
	ProjectSection(SolutionItems) = preProject
		ReadMe.md = ReadMe.md
	EndProjectSection
EndProject
Project("{FAE04EC0-301F-11D3-BF4B-00C04F79EFBC}") = "DbDocsGenerator", "DbDocsGenerator\DbDocsGenerator.csproj", "{3641F2C3-7826-4C9D-9D6C-5A53A22D295D}"
EndProject
Project("{9A19103F-16F7-4668-BE54-9A1E7A4F7556}") = "md_dbdocs.lib", "md_dbdocs.lib\md_dbdocs.lib.csproj", "{8C9F96AB-92C8-4DAD-BB34-836F7B8C1BAA}"
EndProject
Project("{FAE04EC0-301F-11D3-BF4B-00C04F79EFBC}") = "md_dbdocs.wpf", "md_dbdocs.wpf\md_dbdocs.wpf.csproj", "{8FBEF046-C530-4F79-8920-32B8AAED33F5}"
EndProject
Global
	GlobalSection(SolutionConfigurationPlatforms) = preSolution
		Debug|Any CPU = Debug|Any CPU
		Release|Any CPU = Release|Any CPU
	EndGlobalSection
	GlobalSection(ProjectConfigurationPlatforms) = postSolution
		{972A1F6B-0AE5-425B-BDBA-A21CF64F3E0B}.Debug|Any CPU.ActiveCfg = Debug|Any CPU
		{972A1F6B-0AE5-425B-BDBA-A21CF64F3E0B}.Debug|Any CPU.Build.0 = Debug|Any CPU
		{972A1F6B-0AE5-425B-BDBA-A21CF64F3E0B}.Release|Any CPU.ActiveCfg = Release|Any CPU
		{972A1F6B-0AE5-425B-BDBA-A21CF64F3E0B}.Release|Any CPU.Build.0 = Release|Any CPU
		{7481C25A-72D1-4AD1-8AC3-EBF01A85ACBC}.Debug|Any CPU.ActiveCfg = Debug|Any CPU
		{7481C25A-72D1-4AD1-8AC3-EBF01A85ACBC}.Debug|Any CPU.Build.0 = Debug|Any CPU
		{7481C25A-72D1-4AD1-8AC3-EBF01A85ACBC}.Debug|Any CPU.Deploy.0 = Debug|Any CPU
		{7481C25A-72D1-4AD1-8AC3-EBF01A85ACBC}.Release|Any CPU.ActiveCfg = Release|Any CPU
		{7481C25A-72D1-4AD1-8AC3-EBF01A85ACBC}.Release|Any CPU.Build.0 = Release|Any CPU
		{7481C25A-72D1-4AD1-8AC3-EBF01A85ACBC}.Release|Any CPU.Deploy.0 = Release|Any CPU
		{3641F2C3-7826-4C9D-9D6C-5A53A22D295D}.Debug|Any CPU.ActiveCfg = Debug|Any CPU
		{3641F2C3-7826-4C9D-9D6C-5A53A22D295D}.Debug|Any CPU.Build.0 = Debug|Any CPU
		{3641F2C3-7826-4C9D-9D6C-5A53A22D295D}.Release|Any CPU.ActiveCfg = Release|Any CPU
		{3641F2C3-7826-4C9D-9D6C-5A53A22D295D}.Release|Any CPU.Build.0 = Release|Any CPU
		{8C9F96AB-92C8-4DAD-BB34-836F7B8C1BAA}.Debug|Any CPU.ActiveCfg = Debug|Any CPU
		{8C9F96AB-92C8-4DAD-BB34-836F7B8C1BAA}.Debug|Any CPU.Build.0 = Debug|Any CPU
		{8C9F96AB-92C8-4DAD-BB34-836F7B8C1BAA}.Release|Any CPU.ActiveCfg = Release|Any CPU
		{8C9F96AB-92C8-4DAD-BB34-836F7B8C1BAA}.Release|Any CPU.Build.0 = Release|Any CPU
		{8FBEF046-C530-4F79-8920-32B8AAED33F5}.Debug|Any CPU.ActiveCfg = Debug|Any CPU
		{8FBEF046-C530-4F79-8920-32B8AAED33F5}.Debug|Any CPU.Build.0 = Debug|Any CPU
		{8FBEF046-C530-4F79-8920-32B8AAED33F5}.Release|Any CPU.ActiveCfg = Release|Any CPU
		{8FBEF046-C530-4F79-8920-32B8AAED33F5}.Release|Any CPU.Build.0 = Release|Any CPU
	EndGlobalSection
	GlobalSection(SolutionProperties) = preSolution
		HideSolutionNode = FALSE
	EndGlobalSection
	GlobalSection(NestedProjects) = preSolution
		{8FBEF046-C530-4F79-8920-32B8AAED33F5} = {5EFF00C6-82FB-4634-92A1-7F2B62F49E69}
	EndGlobalSection
	GlobalSection(ExtensibilityGlobals) = postSolution
		SolutionGuid = {34408D11-05D1-4FD7-A9B0-58EF233DDAEE}
	EndGlobalSection
EndGlobal
